{
  "version": 4,
  "terraform_version": "1.1.2",
  "serial": 25,
  "lineage": "ca819cda-56ea-07d3-dce2-3aa3c60ab95c",
  "outputs": {},
  "resources": [
    {
      "mode": "managed",
      "type": "google_service_account",
      "name": "default",
      "provider": "provider[\"registry.terraform.io/hashicorp/google\"]",
      "instances": [
        {
          "schema_version": 0,
          "attributes": {
            "account_id": "terraform",
            "description": "",
            "disabled": false,
            "display_name": "Terraform Service Account",
            "email": "terraform@kubernetes-workspace-336702.iam.gserviceaccount.com",
            "id": "projects/kubernetes-workspace-336702/serviceAccounts/terraform@kubernetes-workspace-336702.iam.gserviceaccount.com",
            "name": "projects/kubernetes-workspace-336702/serviceAccounts/terraform@kubernetes-workspace-336702.iam.gserviceaccount.com",
            "project": "kubernetes-workspace-336702",
            "timeouts": null,
            "unique_id": "109955272329631158349"
          },
          "sensitive_attributes": [],
          "private": "bnVsbA=="
        }
      ]
    },
    {
      "module": "module.k8s",
      "mode": "managed",
      "type": "google_container_cluster",
      "name": "primary",
      "provider": "provider[\"registry.terraform.io/hashicorp/google\"]",
      "instances": [
        {
          "schema_version": 1,
          "attributes": {
            "addons_config": [
              {
                "cloudrun_config": [],
                "horizontal_pod_autoscaling": [],
                "http_load_balancing": [],
                "network_policy_config": [
                  {
                    "disabled": true
                  }
                ]
              }
            ],
            "authenticator_groups_config": [],
            "cluster_autoscaling": [
              {
                "auto_provisioning_defaults": [],
                "enabled": false,
                "resource_limits": []
              }
            ],
            "cluster_ipv4_cidr": "10.0.0.0/14",
            "confidential_nodes": [],
            "database_encryption": [
              {
                "key_name": "",
                "state": "DECRYPTED"
              }
            ],
            "datapath_provider": "",
            "default_max_pods_per_node": null,
            "default_snat_status": [
              {
                "disabled": false
              }
            ],
            "description": "",
            "enable_autopilot": false,
            "enable_binary_authorization": false,
            "enable_intranode_visibility": false,
            "enable_kubernetes_alpha": false,
            "enable_legacy_abac": false,
            "enable_shielded_nodes": true,
            "enable_tpu": false,
            "endpoint": "35.199.45.171",
            "id": "projects/kubernetes-workspace-336702/locations/us-east4/clusters/gke-cluster",
            "initial_node_count": 1,
            "ip_allocation_policy": [],
            "label_fingerprint": "a9dc16a7",
            "location": "us-east4",
            "logging_config": [
              {
                "enable_components": [
                  "SYSTEM_COMPONENTS",
                  "WORKLOADS"
                ]
              }
            ],
            "logging_service": "logging.googleapis.com/kubernetes",
            "maintenance_policy": [],
            "master_auth": [
              {
                "client_certificate": "",
                "client_certificate_config": [
                  {
                    "issue_client_certificate": false
                  }
                ],
                "client_key": "",
                "cluster_ca_certificate": "LS0tLS1CRUdJTiBDRVJUSUZJQ0FURS0tLS0tCk1JSUVMRENDQXBTZ0F3SUJBZ0lRQkRid2tGbVlvSWNDZnJydkpucjRaREFOQmdrcWhraUc5dzBCQVFzRkFEQXYKTVMwd0t3WURWUVFERXlSaFltUXdaVEprWlMxaFpUUTVMVFJsWWpFdE9UVTROQzAzWWpCaU9USTJZemd6WlRZdwpJQmNOTWpFeE1qTXdNRFEwTmpJeldoZ1BNakExTVRFeU1qTXdOVFEyTWpOYU1DOHhMVEFyQmdOVkJBTVRKR0ZpClpEQmxNbVJsTFdGbE5Ea3ROR1ZpTVMwNU5UZzBMVGRpTUdJNU1qWmpPRE5sTmpDQ0FhSXdEUVlKS29aSWh2Y04KQVFFQkJRQURnZ0dQQURDQ0FZb0NnZ0dCQU5hcTY0bFJLbDJSOUNKQzhtLzh3SUdzZmNwaFVPQkh6RjJVVHNGZgo1a09vU2kvTXB2OGVkS2ROdDNCRlhHNmxxaGtHYnVYMWphYnZmMXFKSHZ1bTRQcFRIN3lRazhrdGw1WmdvS0pLCmppREU2blNLbkhSN1ovZmRHQTFORFdNU3dwbmQ4ZGdNbWRUZjMya2EzaGlZa2RYM3dWbXFOekRaaXlhNndUZEEKc0xHb3QyeGk0U2QyY0FXNGY2UnVSUVVJbGtCNDBIeHlsZlFKUnkyTHFsck9OZ2RQblNFaVh0eXlMZ1IzQ29kSQpVODJYaWsrczdjQkVZRGRhSWhFSDh6eGNYZVRMdWhLRERwSG10ZkdZUzZLZ2ZiUUppTHUxT2EyTkRIR1dhTmpSCjFISTNHd0c0aEdsVFZLMTdUeUIyR1hvclEvRU5kMzd3UWlPS3VWeWNEb0xsRzgzSWpZSThESjYzaHExU3EvOHoKeG1KTnBQd0NWMUxvdlROR0k3Sk5QaHRES242SitFQmx6U1k3dlVleHJLU1FlRXNGdkVCNFFnOHJXK2dqM3l4TAp5YTVtOGhqRmxVeGZFWkZqcHJBeG1lZXVXMVdONFlVUnNDbjZRSm01cmxETGxYdWhiVEQ0MXBsUnlzL1VVUENwCnRQRW9MVmFZSEFVVkM0M1dveGViOTZYNFdRSURBUUFCbzBJd1FEQU9CZ05WSFE4QkFmOEVCQU1DQWdRd0R3WUQKVlIwVEFRSC9CQVV3QXdFQi96QWRCZ05WSFE0RUZnUVVKSll5WkZJMGFWaWdnem90Mm5vb1Q4VTgwNzB3RFFZSgpLb1pJaHZjTkFRRUxCUUFEZ2dHQkFLNktRUGt5OVd3bmRBRTIvMDB5bEJoQWpSWlhucnBEZzJqcmFuekorK0g5CmRhanIyOGxqUzJSbSthRkp3VEtwdzBRTDB0UFlpMkYxQ0piSzdYaDVBczlSa2RaTFB4Z0x0UEtVRzZUYk9ZaFEKWlZoQnpDK2NQOEx5bmowSWtjMGlMQTFjTlQrRWtvbVk4b1FZQ2QveWRuNitlbDRpOXNhMmp4UXl0b3NVOXhuVwpsT2FhUnhwKzd6MzNDcHB0enkvbGdRZ1hVQjRvdnpYWTh4cWlzQi9OMERxTjNwdUdvdHhhaWkvS0cwVTd5SndxCk9PZ3BiNVhscGQ5M21CeE5yd1l5bHVJRnB5YkNoZ0hmWUFGUkZyc3VMbDl2MmFBM0dYNTN6NXlTTlUzazhKR1gKcCtHNmJZK3ZUdE11M29PRnNCUEwwTVNkTiszZzUzRExTOUl4K3E3YWdXd0NkRHNzWlA1RFppWER5ankyTVh2LwpvYVZRbGtTdVRTUFR6T1J3VzRiSS8wcEdxSEgzemFiZXVpRGEvd1MxaVl6YUdub0Z3ckg0RVIvR0JqWXV5SWY0ClVrcTkwM1JYZDEyWXRjZHJ5UzJ3aTV0eEw4a3pZcXNtZm9FUUJDQkFVYi94WlRBNGhFOHFWSGJ6THNZVUw5YmwKK3F1elF2bTBidVhPY3JXRjJFTmZKZz09Ci0tLS0tRU5EIENFUlRJRklDQVRFLS0tLS0K"
              }
            ],
            "master_authorized_networks_config": [],
            "master_version": "1.21.5-gke.1302",
            "min_master_version": null,
            "monitoring_config": [
              {
                "enable_components": [
                  "SYSTEM_COMPONENTS"
                ]
              }
            ],
            "monitoring_service": "monitoring.googleapis.com/kubernetes",
            "name": "gke-cluster",
            "network": "projects/kubernetes-workspace-336702/global/networks/default",
            "network_policy": [
              {
                "enabled": false,
                "provider": "PROVIDER_UNSPECIFIED"
              }
            ],
            "networking_mode": "ROUTES",
            "node_config": [],
            "node_locations": [
              "us-east4-a",
              "us-east4-b",
              "us-east4-c"
            ],
            "node_pool": [],
            "node_version": "1.21.5-gke.1302",
            "operation": null,
            "private_cluster_config": [],
            "private_ipv6_google_access": "",
            "project": "kubernetes-workspace-336702",
            "release_channel": [
              {
                "channel": "REGULAR"
              }
            ],
            "remove_default_node_pool": true,
            "resource_labels": null,
            "resource_usage_export_config": [],
            "self_link": "https://container.googleapis.com/v1/projects/kubernetes-workspace-336702/locations/us-east4/clusters/gke-cluster",
            "services_ipv4_cidr": "10.3.240.0/20",
            "subnetwork": "projects/kubernetes-workspace-336702/regions/us-east4/subnetworks/default",
            "timeouts": null,
            "tpu_ipv4_cidr_block": "",
            "vertical_pod_autoscaling": [],
            "workload_identity_config": []
          },
          "sensitive_attributes": [],
          "private": "eyJlMmJmYjczMC1lY2FhLTExZTYtOGY4OC0zNDM2M2JjN2M0YzAiOnsiY3JlYXRlIjoyNDAwMDAwMDAwMDAwLCJkZWxldGUiOjI0MDAwMDAwMDAwMDAsInJlYWQiOjI0MDAwMDAwMDAwMDAsInVwZGF0ZSI6MzYwMDAwMDAwMDAwMH0sInNjaGVtYV92ZXJzaW9uIjoiMSJ9"
        }
      ]
    },
    {
      "module": "module.k8s",
      "mode": "managed",
      "type": "google_container_node_pool",
      "name": "primary_nodes",
      "provider": "provider[\"registry.terraform.io/hashicorp/google\"]",
      "instances": [
        {
          "schema_version": 1,
          "attributes": {
            "autoscaling": [],
            "cluster": "gke-cluster",
            "id": "projects/kubernetes-workspace-336702/locations/us-east4/clusters/gke-cluster/nodePools/node-pool",
            "initial_node_count": 1,
            "instance_group_urls": [
              "https://www.googleapis.com/compute/v1/projects/kubernetes-workspace-336702/zones/us-east4-a/instanceGroupManagers/gke-gke-cluster-node-pool-1bfe6189-grp",
              "https://www.googleapis.com/compute/v1/projects/kubernetes-workspace-336702/zones/us-east4-b/instanceGroupManagers/gke-gke-cluster-node-pool-4ea48b40-grp",
              "https://www.googleapis.com/compute/v1/projects/kubernetes-workspace-336702/zones/us-east4-c/instanceGroupManagers/gke-gke-cluster-node-pool-7dfe2de2-grp"
            ],
            "location": "us-east4",
            "managed_instance_group_urls": [
              "https://www.googleapis.com/compute/v1/projects/kubernetes-workspace-336702/zones/us-east4-a/instanceGroups/gke-gke-cluster-node-pool-1bfe6189-grp",
              "https://www.googleapis.com/compute/v1/projects/kubernetes-workspace-336702/zones/us-east4-b/instanceGroups/gke-gke-cluster-node-pool-4ea48b40-grp",
              "https://www.googleapis.com/compute/v1/projects/kubernetes-workspace-336702/zones/us-east4-c/instanceGroups/gke-gke-cluster-node-pool-7dfe2de2-grp"
            ],
            "management": [
              {
                "auto_repair": true,
                "auto_upgrade": true
              }
            ],
            "max_pods_per_node": null,
            "name": "node-pool",
            "name_prefix": "",
            "node_config": [
              {
                "disk_size_gb": 100,
                "disk_type": "pd-standard",
                "gcfs_config": [],
                "guest_accelerator": [],
                "image_type": "COS_CONTAINERD",
                "labels": {},
                "local_ssd_count": 0,
                "machine_type": "e2-medium",
                "metadata": {
                  "disable-legacy-endpoints": "true"
                },
                "min_cpu_platform": "",
                "node_group": "",
                "oauth_scopes": [
                  "https://www.googleapis.com/auth/cloud-platform"
                ],
                "preemptible": true,
                "service_account": "terraform@kubernetes-workspace-336702.iam.gserviceaccount.com",
                "shielded_instance_config": [
                  {
                    "enable_integrity_monitoring": true,
                    "enable_secure_boot": false
                  }
                ],
                "tags": null,
                "taint": [],
                "workload_metadata_config": []
              }
            ],
            "node_count": 1,
            "node_locations": [
              "us-east4-a",
              "us-east4-b",
              "us-east4-c"
            ],
            "operation": null,
            "project": "kubernetes-workspace-336702",
            "timeouts": null,
            "upgrade_settings": [
              {
                "max_surge": 1,
                "max_unavailable": 0
              }
            ],
            "version": "1.21.5-gke.1302"
          },
          "sensitive_attributes": [],
          "private": "eyJlMmJmYjczMC1lY2FhLTExZTYtOGY4OC0zNDM2M2JjN2M0YzAiOnsiY3JlYXRlIjoxODAwMDAwMDAwMDAwLCJkZWxldGUiOjE4MDAwMDAwMDAwMDAsInVwZGF0ZSI6MTgwMDAwMDAwMDAwMH0sInNjaGVtYV92ZXJzaW9uIjoiMSJ9",
          "dependencies": [
            "google_service_account.default",
            "module.k8s.google_container_cluster.primary"
          ]
        }
      ]
    }
  ]
}
