{
  "version": 4,
  "terraform_version": "1.1.2",
  "serial": 22,
  "lineage": "ca819cda-56ea-07d3-dce2-3aa3c60ab95c",
  "outputs": {},
  "resources": [
    {
      "mode": "managed",
      "type": "google_service_account",
      "name": "default",
      "provider": "provider[\"registry.terraform.io/hashicorp/google\"]",
      "instances": [
        {
          "schema_version": 0,
          "attributes": {
            "account_id": "terraform",
            "description": "",
            "disabled": false,
            "display_name": "Terraform Service Account",
            "email": "terraform@kubernetes-workspace-336702.iam.gserviceaccount.com",
            "id": "projects/kubernetes-workspace-336702/serviceAccounts/terraform@kubernetes-workspace-336702.iam.gserviceaccount.com",
            "name": "projects/kubernetes-workspace-336702/serviceAccounts/terraform@kubernetes-workspace-336702.iam.gserviceaccount.com",
            "project": "kubernetes-workspace-336702",
            "timeouts": null,
            "unique_id": "109955272329631158349"
          },
          "sensitive_attributes": [],
          "private": "bnVsbA=="
        }
      ]
    },
    {
      "module": "module.k8s",
      "mode": "managed",
      "type": "google_container_node_pool",
      "name": "primary_nodes",
      "provider": "provider[\"registry.terraform.io/hashicorp/google\"]",
      "instances": []
    }
  ]
}
